{
  "lockfileVersion": 1,
  "workspaces": {
    "": {
      "dependencies": {
        "@notionhq/client": "^2.2.15",
        "moment": "^2.30.1",
        "notion-client": "^7.1.6",
        "notion-to-md": "^3.1.4",
        "notion-utils": "^7.1.6",
        "ramda": "^0.30.1",
      },
      "devDependencies": {
        "@types/ramda": "^0.30.2",
      },
    },
  },
  "packages": {
    "@notionhq/client": ["@notionhq/client@2.2.15", "", { "dependencies": { "@types/node-fetch": "^2.5.10", "node-fetch": "^2.6.1" } }, "sha512-XhdSY/4B1D34tSco/GION+23GMjaS9S2zszcqYkMHo8RcWInymF6L1x+Gk7EmHdrSxNFva2WM8orhC4BwQCwgw=="],

    "@types/node": ["@types/node@22.13.1", "", { "dependencies": { "undici-types": "~6.20.0" } }, "sha512-jK8uzQlrvXqEU91UxiK5J7pKHyzgnI1Qnl0QDHIgVGuolJhRb9EEl28Cj9b3rGR8B2lhFCtvIm5os8lFnO/1Ew=="],

    "@types/node-fetch": ["@types/node-fetch@2.6.12", "", { "dependencies": { "@types/node": "*", "form-data": "^4.0.0" } }, "sha512-8nneRWKCg3rMtF69nLQJnOYUcbafYeFSjqkw3jCRLsqkWFlHaoQrr5mXmofFGOx3DKn7UfmBMyov8ySvLRVldA=="],

    "@types/ramda": ["@types/ramda@0.30.2", "", { "dependencies": { "types-ramda": "^0.30.1" } }, "sha512-PyzHvjCalm2BRYjAU6nIB3TprYwMNOUY/7P/N8bSzp9W/yM2YrtGtAnnVtaCNSeOZ8DzKyFDvaqQs7LnWwwmBA=="],

    "asynckit": ["asynckit@0.4.0", "", {}, "sha512-Oei9OH4tRh0YqU3GxhX79dM/mwVgvbZJaSNaRk+bshkj0S5cfHcgYakreBjrHwatXKbz+IoIdYLxrKim2MjW0Q=="],

    "combined-stream": ["combined-stream@1.0.8", "", { "dependencies": { "delayed-stream": "~1.0.0" } }, "sha512-FQN4MRfuJeHf7cBbBMJFXhKSDq+2kAArBlmRBvcvFE5BB1HZKXtSFASDhdlz9zOYwxh8lDdnvmMOe/+5cdoEdg=="],

    "delayed-stream": ["delayed-stream@1.0.0", "", {}, "sha512-ZySD7Nf91aLB0RxL4KGrKHBXl7Eds1DAmEdcoVawXnLD7SDhpNgtuII2aAkg7a7QS41jxPSZ17p4VdGnMHk3MQ=="],

    "eventemitter3": ["eventemitter3@5.0.1", "", {}, "sha512-GWkBvjiSZK87ELrYOSESUYeVIc9mvLLf/nXalMOS5dYrgZq9o5OVkbZAVM06CVxYsCwH9BDZFPlQTlPA1j4ahA=="],

    "form-data": ["form-data@4.0.1", "", { "dependencies": { "asynckit": "^0.4.0", "combined-stream": "^1.0.8", "mime-types": "^2.1.12" } }, "sha512-tzN8e4TX8+kkxGPK8D5u0FNmjPUjw3lwC9lSLxxoB/+GtsJG91CO8bSWy73APlgAZzZbXEYZJuxjkHH2w+Ezhw=="],

    "is-url-superb": ["is-url-superb@6.1.0", "", {}, "sha512-LXdhGlYqUPdvEyIhWPEEwYYK3yrUiPcBjmFGlZNv1u5GtIL5qQRf7ddDyPNAvsMFqdzS923FROpTQU97tLe3JQ=="],

    "ky": ["ky@1.7.4", "", {}, "sha512-zYEr/gh7uLW2l4su11bmQ2M9xLgQLjyvx58UyNM/6nuqyWFHPX5ktMjvpev3F8QWdjSsHUpnWew4PBCswBNuMQ=="],

    "map-age-cleaner": ["map-age-cleaner@0.1.3", "", { "dependencies": { "p-defer": "^1.0.0" } }, "sha512-bJzx6nMoP6PDLPBFmg7+xRKeFZvFboMrGlxmNj9ClvX53KrmvM5bXFXEWjbz4cz1AFn+jWJ9z/DJSz7hrs0w3w=="],

    "markdown-table": ["markdown-table@2.0.0", "", { "dependencies": { "repeat-string": "^1.0.0" } }, "sha512-Ezda85ToJUBhM6WGaG6veasyym+Tbs3cMAw/ZhOPqXiYsr0jgocBV3j3nx+4lk47plLlIqjwuTm/ywVI+zjJ/A=="],

    "mem": ["mem@10.0.0", "", { "dependencies": { "map-age-cleaner": "^0.1.3", "mimic-fn": "^4.0.0" } }, "sha512-ucHuGY0h9IKre1NAf8iRyBQhlmuISr0zEOHuLc7szfkUWiaVzuG1g7piPkVl4rVj362pjxsqiOANtDdI7mv86A=="],

    "mime-db": ["mime-db@1.52.0", "", {}, "sha512-sPU4uV7dYlvtWJxwwxHD0PuihVNiE7TyAbQ5SWxDCB9mUYvOgroQOwYQQOKPJ8CIbE+1ETVlOoK1UC2nU3gYvg=="],

    "mime-types": ["mime-types@2.1.35", "", { "dependencies": { "mime-db": "1.52.0" } }, "sha512-ZDY+bPm5zTTF+YpCrAU9nK0UgICYPT0QtT1NZWFv4s++TNkcgVaT0g6+4R2uI4MjQjzysHB1zxuWL50hzaeXiw=="],

    "mimic-fn": ["mimic-fn@4.0.0", "", {}, "sha512-vqiC06CuhBTUdZH+RYl8sFrL096vA45Ok5ISO6sE/Mr1jRbGH4Csnhi8f3wKVl7x8mO4Au7Ir9D3Oyv1VYMFJw=="],

    "moment": ["moment@2.30.1", "", {}, "sha512-uEmtNhbDOrWPFS+hdjFCBfy9f2YoyzRpwcl+DqpC6taX21FzsTLQVbMV/W7PzNSX6x/bhC1zA3c2UQ5NzH6how=="],

    "node-fetch": ["node-fetch@2.7.0", "", { "dependencies": { "whatwg-url": "^5.0.0" }, "peerDependencies": { "encoding": "^0.1.0" }, "optionalPeers": ["encoding"] }, "sha512-c4FRfUm/dbcWZ7U+1Wq0AwCyFL+3nt2bEw05wfxSz+DWpWsitgmSgYmy2dQdWyKC1694ELPqMs/YzUSNozLt8A=="],

    "normalize-url": ["normalize-url@8.0.1", "", {}, "sha512-IO9QvjUMWxPQQhs60oOu10CRkWCiZzSUkzbXGGV9pviYl1fXYcvkzQ5jV9z8Y6un8ARoVRl4EtC6v6jNqbaJ/w=="],

    "notion-client": ["notion-client@7.1.6", "", { "dependencies": { "ky": "^1.7.2", "notion-types": "7.1.6", "notion-utils": "7.1.6", "p-map": "^7.0.2" } }, "sha512-NWcUM7wsMQnTLU/CLiuhQt4Zkollx+ZQy5L+3vn9SYBq7tr+d2JWzxCUSpRujVA7NGIqUR/7bphHa8HvayG4BA=="],

    "notion-to-md": ["notion-to-md@3.1.4", "", { "dependencies": { "markdown-table": "^2.0.0", "node-fetch": "2" } }, "sha512-L5Az2TX+/nlCMvtDWANPpGGVsjxDPUrO0dIrFTVnPONX7FIFvRm3CEFCnPKB2Wez4DYbhByvXEWzxP4+gEYVEA=="],

    "notion-types": ["notion-types@7.1.6", "", {}, "sha512-bWv5wGrlaEKPd0qGWJq0G5cq8uwgfMKhCM+5GEgdXfzuDD9eoKX2pkfdXnE5bU2uFJJK+LGc2XWggBJ+P8AWCg=="],

    "notion-utils": ["notion-utils@7.1.6", "", { "dependencies": { "is-url-superb": "^6.1.0", "mem": "^10.0.0", "normalize-url": "^8.0.1", "notion-types": "7.1.6", "p-queue": "^8.0.1" } }, "sha512-f8QgisZ9dsUea5Ih2kOtzABBdZpYXKvrMV5OegRpHIXYpBUnN3iOr59EtuyuUkcZcKnUCVcMGvnezoAnEMVCSw=="],

    "p-defer": ["p-defer@1.0.0", "", {}, "sha512-wB3wfAxZpk2AzOfUMJNL+d36xothRSyj8EXOa4f6GMqYDN9BJaaSISbsk+wS9abmnebVw95C2Kb5t85UmpCxuw=="],

    "p-map": ["p-map@7.0.3", "", {}, "sha512-VkndIv2fIB99swvQoA65bm+fsmt6UNdGeIB0oxBs+WhAhdh08QA04JXpI7rbB9r08/nkbysKoya9rtDERYOYMA=="],

    "p-queue": ["p-queue@8.1.0", "", { "dependencies": { "eventemitter3": "^5.0.1", "p-timeout": "^6.1.2" } }, "sha512-mxLDbbGIBEXTJL0zEx8JIylaj3xQ7Z/7eEVjcF9fJX4DBiH9oqe+oahYnlKKxm0Ci9TlWTyhSHgygxMxjIB2jw=="],

    "p-timeout": ["p-timeout@6.1.4", "", {}, "sha512-MyIV3ZA/PmyBN/ud8vV9XzwTrNtR4jFrObymZYnZqMmW0zA8Z17vnT0rBgFE/TlohB+YCHqXMgZzb3Csp49vqg=="],

    "ramda": ["ramda@0.30.1", "", {}, "sha512-tEF5I22zJnuclswcZMc8bDIrwRHRzf+NqVEmqg50ShAZMP7MWeR/RGDthfM/p+BlqvF2fXAzpn8i+SJcYD3alw=="],

    "repeat-string": ["repeat-string@1.6.1", "", {}, "sha512-PV0dzCYDNfRi1jCDbJzpW7jNNDRuCOG/jI5ctQcGKt/clZD+YcPS3yIlWuTJMmESC8aevCFmWJy5wjAFgNqN6w=="],

    "tr46": ["tr46@0.0.3", "", {}, "sha512-N3WMsuqV66lT30CrXNbEjx4GEwlow3v6rr4mCcv6prnfwhS01rkgyFdjPNBYd9br7LpXV1+Emh01fHnq2Gdgrw=="],

    "ts-toolbelt": ["ts-toolbelt@9.6.0", "", {}, "sha512-nsZd8ZeNUzukXPlJmTBwUAuABDe/9qtVDelJeT/qW0ow3ZS3BsQJtNkan1802aM9Uf68/Y8ljw86Hu0h5IUW3w=="],

    "types-ramda": ["types-ramda@0.30.1", "", { "dependencies": { "ts-toolbelt": "^9.6.0" } }, "sha512-1HTsf5/QVRmLzcGfldPFvkVsAdi1db1BBKzi7iW3KBUlOICg/nKnFS+jGqDJS3YD8VsWbAh7JiHeBvbsw8RPxA=="],

    "undici-types": ["undici-types@6.20.0", "", {}, "sha512-Ny6QZ2Nju20vw1SRHe3d9jVu6gJ+4e3+MMpqu7pqE5HT6WsTSlce++GQmK5UXS8mzV8DSYHrQH+Xrf2jVcuKNg=="],

    "webidl-conversions": ["webidl-conversions@3.0.1", "", {}, "sha512-2JAn3z8AR6rjK8Sm8orRC0h/bcl/DqL7tRPdGZ4I1CjdF+EaMLmYxBHyXuKL849eucPFhvBoxMsflfOb8kxaeQ=="],

    "whatwg-url": ["whatwg-url@5.0.0", "", { "dependencies": { "tr46": "~0.0.3", "webidl-conversions": "^3.0.0" } }, "sha512-saE57nupxk6v3HY35+jzBwYa0rKSy0XR8JSxZPwgLr7ys0IBzhGviA1/TUGJLmSVqs8pb9AnvICXEuOHLprYTw=="],
  }
}
